{
  "requires": true,
  "lockfileVersion": 1,
  "dependencies": {
    "vue-observe-visibility": {
      "version": "0.4.6",
      "resolved": "https://registry.npmjs.org/vue-observe-visibility/-/vue-observe-visibility-0.4.6.tgz",
      "integrity": "sha512-xo0CEVdkjSjhJoDdLSvoZoQrw/H2BlzB5jrCBKGZNXN2zdZgMuZ9BKrxXDjNP2AxlcCoKc8OahI3F3r3JGLv2Q=="
    }
  }
}
